
Microsoft Visual Studio Solution File, Format Version 12.00
# Visual Studio Version 17
VisualStudioVersion = 17.0.31903.59
MinimumVisualStudioVersion = 10.0.40219.1
Project("{2150E333-8FDC-42A3-9474-1A3956D46DE8}") = "Ex03.GarageLogic", "Ex03.GarageLogic", "{C340EEF1-3226-E360-8FD4-6E90A88A8CE6}"
EndProject
Project("{FAE04EC0-301F-11D3-BF4B-00C04F79EFBC}") = "GarageLogic", "Ex03.GarageLogic\GarageLogic.csproj", "{9E832DC7-9F1E-43A5-9839-2ED0CFFE84C2}"
EndProject
Project("{FAE04EC0-301F-11D3-BF4B-00C04F79EFBC}") = "Ex03.ConsoleUI", "Ex03.ConsoleUI\Ex03.ConsoleUI.csproj", "{231F0067-5B46-4CE5-95A4-BFE0E47F9AF3}"
EndProject
Global
	GlobalSection(SolutionConfigurationPlatforms) = preSolution
		Debug|Any CPU = Debug|Any CPU
		Debug|x64 = Debug|x64
		Debug|x86 = Debug|x86
		Release|Any CPU = Release|Any CPU
		Release|x64 = Release|x64
		Release|x86 = Release|x86
	EndGlobalSection
	GlobalSection(ProjectConfigurationPlatforms) = postSolution
		{9E832DC7-9F1E-43A5-9839-2ED0CFFE84C2}.Debug|Any CPU.ActiveCfg = Debug|Any CPU
		{9E832DC7-9F1E-43A5-9839-2ED0CFFE84C2}.Debug|Any CPU.Build.0 = Debug|Any CPU
		{9E832DC7-9F1E-43A5-9839-2ED0CFFE84C2}.Debug|x64.ActiveCfg = Debug|Any CPU
		{9E832DC7-9F1E-43A5-9839-2ED0CFFE84C2}.Debug|x64.Build.0 = Debug|Any CPU
		{9E832DC7-9F1E-43A5-9839-2ED0CFFE84C2}.Debug|x86.ActiveCfg = Debug|Any CPU
		{9E832DC7-9F1E-43A5-9839-2ED0CFFE84C2}.Debug|x86.Build.0 = Debug|Any CPU
		{9E832DC7-9F1E-43A5-9839-2ED0CFFE84C2}.Release|Any CPU.ActiveCfg = Release|Any CPU
		{9E832DC7-9F1E-43A5-9839-2ED0CFFE84C2}.Release|Any CPU.Build.0 = Release|Any CPU
		{9E832DC7-9F1E-43A5-9839-2ED0CFFE84C2}.Release|x64.ActiveCfg = Release|Any CPU
		{9E832DC7-9F1E-43A5-9839-2ED0CFFE84C2}.Release|x64.Build.0 = Release|Any CPU
		{9E832DC7-9F1E-43A5-9839-2ED0CFFE84C2}.Release|x86.ActiveCfg = Release|Any CPU
		{9E832DC7-9F1E-43A5-9839-2ED0CFFE84C2}.Release|x86.Build.0 = Release|Any CPU
		{231F0067-5B46-4CE5-95A4-BFE0E47F9AF3}.Debug|Any CPU.ActiveCfg = Debug|Any CPU
		{231F0067-5B46-4CE5-95A4-BFE0E47F9AF3}.Debug|Any CPU.Build.0 = Debug|Any CPU
		{231F0067-5B46-4CE5-95A4-BFE0E47F9AF3}.Debug|x64.ActiveCfg = Debug|Any CPU
		{231F0067-5B46-4CE5-95A4-BFE0E47F9AF3}.Debug|x64.Build.0 = Debug|Any CPU
		{231F0067-5B46-4CE5-95A4-BFE0E47F9AF3}.Debug|x86.ActiveCfg = Debug|Any CPU
		{231F0067-5B46-4CE5-95A4-BFE0E47F9AF3}.Debug|x86.Build.0 = Debug|Any CPU
		{231F0067-5B46-4CE5-95A4-BFE0E47F9AF3}.Release|Any CPU.ActiveCfg = Release|Any CPU
		{231F0067-5B46-4CE5-95A4-BFE0E47F9AF3}.Release|Any CPU.Build.0 = Release|Any CPU
		{231F0067-5B46-4CE5-95A4-BFE0E47F9AF3}.Release|x64.ActiveCfg = Release|Any CPU
		{231F0067-5B46-4CE5-95A4-BFE0E47F9AF3}.Release|x64.Build.0 = Release|Any CPU
		{231F0067-5B46-4CE5-95A4-BFE0E47F9AF3}.Release|x86.ActiveCfg = Release|Any CPU
		{231F0067-5B46-4CE5-95A4-BFE0E47F9AF3}.Release|x86.Build.0 = Release|Any CPU
	EndGlobalSection
	GlobalSection(SolutionProperties) = preSolution
		HideSolutionNode = FALSE
	EndGlobalSection
	GlobalSection(NestedProjects) = preSolution
		{9E832DC7-9F1E-43A5-9839-2ED0CFFE84C2} = {C340EEF1-3226-E360-8FD4-6E90A88A8CE6}
	EndGlobalSection
EndGlobal
